// !$*UTF8*$!
{
	archiveVersion = 1;
	classes = {
	};
	objectVersion = 56;
	objects = {

/* Begin PBXBuildFile section */
		C4FE661A2B8D2128000B405C /* SolarSystemDemoApp.swift in Sources */ = {isa = PBXBuildFile; fileRef = C4FE66192B8D2128000B405C /* SolarSystemDemoApp.swift */; };
		C4FE661C2B8D2128000B405C /* HomeView.swift in Sources */ = {isa = PBXBuildFile; fileRef = C4FE661B2B8D2128000B405C /* HomeView.swift */; };
		C4FE661E2B8D212A000B405C /* Assets.xcassets in Resources */ = {isa = PBXBuildFile; fileRef = C4FE661D2B8D212A000B405C /* Assets.xcassets */; };
		C4FE66212B8D212A000B405C /* Preview Assets.xcassets in Resources */ = {isa = PBXBuildFile; fileRef = C4FE66202B8D212A000B405C /* Preview Assets.xcassets */; };
		C4FE662B2B8D2276000B405C /* AstronomicalObject.swift in Sources */ = {isa = PBXBuildFile; fileRef = C4FE662A2B8D2276000B405C /* AstronomicalObject.swift */; };
		C4FE662D2B8D22BC000B405C /* HomeViewModel.swift in Sources */ = {isa = PBXBuildFile; fileRef = C4FE662C2B8D22BC000B405C /* HomeViewModel.swift */; };
		C4FE66302B8D2301000B405C /* AstronomicalObjectService.swift in Sources */ = {isa = PBXBuildFile; fileRef = C4FE662F2B8D2301000B405C /* AstronomicalObjectService.swift */; };
		C4FE66332B8D24F0000B405C /* SplineRuntime in Frameworks */ = {isa = PBXBuildFile; productRef = C4FE66322B8D24F0000B405C /* SplineRuntime */; };
		C4FE66352B8D2667000B405C /* AstronomicalObjectView.swift in Sources */ = {isa = PBXBuildFile; fileRef = C4FE66342B8D2667000B405C /* AstronomicalObjectView.swift */; };
		C4FE663D2B8E7BA9000B405C /* AstronomicalObjectDetailView.swift in Sources */ = {isa = PBXBuildFile; fileRef = C4FE663C2B8E7BA9000B405C /* AstronomicalObjectDetailView.swift */; };
		C4FE66412B8E9E7C000B405C /* jupiter.splineswift in Resources */ = {isa = PBXBuildFile; fileRef = C4FE66402B8E9E7C000B405C /* jupiter.splineswift */; };
		C4FE664B2B8E9F4C000B405C /* earth.splineswift in Resources */ = {isa = PBXBuildFile; fileRef = C4FE66422B8E9F4C000B405C /* earth.splineswift */; };
		C4FE664C2B8E9F4C000B405C /* uranus.splineswift in Resources */ = {isa = PBXBuildFile; fileRef = C4FE66432B8E9F4C000B405C /* uranus.splineswift */; };
		C4FE664E2B8E9F4C000B405C /* mars.splineswift in Resources */ = {isa = PBXBuildFile; fileRef = C4FE66452B8E9F4C000B405C /* mars.splineswift */; };
		C4FE664F2B8E9F4C000B405C /* mercury.splineswift in Resources */ = {isa = PBXBuildFile; fileRef = C4FE66462B8E9F4C000B405C /* mercury.splineswift */; };
		C4FE66502B8E9F4C000B405C /* moon.splineswift in Resources */ = {isa = PBXBuildFile; fileRef = C4FE66472B8E9F4C000B405C /* moon.splineswift */; };
		C4FE66512B8E9F4C000B405C /* neptune.splineswift in Resources */ = {isa = PBXBuildFile; fileRef = C4FE66482B8E9F4C000B405C /* neptune.splineswift */; };
		C4FE66522B8E9F4C000B405C /* saturn.splineswift in Resources */ = {isa = PBXBuildFile; fileRef = C4FE66492B8E9F4C000B405C /* saturn.splineswift */; };
		C4FE66532B8E9F4C000B405C /* sun.splineswift in Resources */ = {isa = PBXBuildFile; fileRef = C4FE664A2B8E9F4C000B405C /* sun.splineswift */; };
		C4FE66572B8ED111000B405C /* astronomical_objects.json in Resources */ = {isa = PBXBuildFile; fileRef = C4FE66562B8ED111000B405C /* astronomical_objects.json */; };
		C4FE665A2B8ED83D000B405C /* PreviewProvider.swift in Sources */ = {isa = PBXBuildFile; fileRef = C4FE66592B8ED83D000B405C /* PreviewProvider.swift */; };
		C4FE665E2B8EDD06000B405C /* venus.splineswift in Resources */ = {isa = PBXBuildFile; fileRef = C4FE665D2B8EDD06000B405C /* venus.splineswift */; };
/* End PBXBuildFile section */

/* Begin PBXFileReference section */
		C4FE66162B8D2128000B405C /* SolarSystemDemo.app */ = {isa = PBXFileReference; explicitFileType = wrapper.application; includeInIndex = 0; path = SolarSystemDemo.app; sourceTree = BUILT_PRODUCTS_DIR; };
		C4FE66192B8D2128000B405C /* SolarSystemDemoApp.swift */ = {isa = PBXFileReference; lastKnownFileType = sourcecode.swift; path = SolarSystemDemoApp.swift; sourceTree = "<group>"; };
		C4FE661B2B8D2128000B405C /* HomeView.swift */ = {isa = PBXFileReference; lastKnownFileType = sourcecode.swift; path = HomeView.swift; sourceTree = "<group>"; };
		C4FE661D2B8D212A000B405C /* Assets.xcassets */ = {isa = PBXFileReference; lastKnownFileType = folder.assetcatalog; path = Assets.xcassets; sourceTree = "<group>"; };
		C4FE66202B8D212A000B405C /* Preview Assets.xcassets */ = {isa = PBXFileReference; lastKnownFileType = folder.assetcatalog; path = "Preview Assets.xcassets"; sourceTree = "<group>"; };
		C4FE662A2B8D2276000B405C /* AstronomicalObject.swift */ = {isa = PBXFileReference; lastKnownFileType = sourcecode.swift; path = AstronomicalObject.swift; sourceTree = "<group>"; };
		C4FE662C2B8D22BC000B405C /* HomeViewModel.swift */ = {isa = PBXFileReference; lastKnownFileType = sourcecode.swift; path = HomeViewModel.swift; sourceTree = "<group>"; };
		C4FE662F2B8D2301000B405C /* AstronomicalObjectService.swift */ = {isa = PBXFileReference; lastKnownFileType = sourcecode.swift; path = AstronomicalObjectService.swift; sourceTree = "<group>"; };
		C4FE66342B8D2667000B405C /* AstronomicalObjectView.swift */ = {isa = PBXFileReference; lastKnownFileType = sourcecode.swift; path = AstronomicalObjectView.swift; sourceTree = "<group>"; };
		C4FE663C2B8E7BA9000B405C /* AstronomicalObjectDetailView.swift */ = {isa = PBXFileReference; lastKnownFileType = sourcecode.swift; path = AstronomicalObjectDetailView.swift; sourceTree = "<group>"; };
		C4FE66402B8E9E7C000B405C /* jupiter.splineswift */ = {isa = PBXFileReference; lastKnownFileType = file; path = jupiter.splineswift; sourceTree = "<group>"; };
		C4FE66422B8E9F4C000B405C /* earth.splineswift */ = {isa = PBXFileReference; lastKnownFileType = file; path = earth.splineswift; sourceTree = "<group>"; };
		C4FE66432B8E9F4C000B405C /* uranus.splineswift */ = {isa = PBXFileReference; lastKnownFileType = file; path = uranus.splineswift; sourceTree = "<group>"; };
		C4FE66452B8E9F4C000B405C /* mars.splineswift */ = {isa = PBXFileReference; lastKnownFileType = file; path = mars.splineswift; sourceTree = "<group>"; };
		C4FE66462B8E9F4C000B405C /* mercury.splineswift */ = {isa = PBXFileReference; lastKnownFileType = file; path = mercury.splineswift; sourceTree = "<group>"; };
		C4FE66472B8E9F4C000B405C /* moon.splineswift */ = {isa = PBXFileReference; lastKnownFileType = file; path = moon.splineswift; sourceTree = "<group>"; };
		C4FE66482B8E9F4C000B405C /* neptune.splineswift */ = {isa = PBXFileReference; lastKnownFileType = file; path = neptune.splineswift; sourceTree = "<group>"; };
		C4FE66492B8E9F4C000B405C /* saturn.splineswift */ = {isa = PBXFileReference; lastKnownFileType = file; path = saturn.splineswift; sourceTree = "<group>"; };
		C4FE664A2B8E9F4C000B405C /* sun.splineswift */ = {isa = PBXFileReference; lastKnownFileType = file; path = sun.splineswift; sourceTree = "<group>"; };
		C4FE66562B8ED111000B405C /* astronomical_objects.json */ = {isa = PBXFileReference; lastKnownFileType = text.json; path = astronomical_objects.json; sourceTree = "<group>"; };
		C4FE66592B8ED83D000B405C /* PreviewProvider.swift */ = {isa = PBXFileReference; lastKnownFileType = sourcecode.swift; path = PreviewProvider.swift; sourceTree = "<group>"; };
		C4FE665D2B8EDD06000B405C /* venus.splineswift */ = {isa = PBXFileReference; lastKnownFileType = file; path = venus.splineswift; sourceTree = "<group>"; };
/* End PBXFileReference section */

/* Begin PBXFrameworksBuildPhase section */
		C4FE66132B8D2128000B405C /* Frameworks */ = {
			isa = PBXFrameworksBuildPhase;
			buildActionMask = 2147483647;
			files = (
				C4FE66332B8D24F0000B405C /* SplineRuntime in Frameworks */,
			);
			runOnlyForDeploymentPostprocessing = 0;
		};
/* End PBXFrameworksBuildPhase section */

/* Begin PBXGroup section */
		C4FE660D2B8D2128000B405C = {
			isa = PBXGroup;
			children = (
				C4FE66182B8D2128000B405C /* SolarSystemDemo */,
				C4FE66172B8D2128000B405C /* Products */,
			);
			sourceTree = "<group>";
		};
		C4FE66172B8D2128000B405C /* Products */ = {
			isa = PBXGroup;
			children = (
				C4FE66162B8D2128000B405C /* SolarSystemDemo.app */,
			);
			name = Products;
			sourceTree = "<group>";
		};
		C4FE66182B8D2128000B405C /* SolarSystemDemo */ = {
			isa = PBXGroup;
			children = (
				C4FE66192B8D2128000B405C /* SolarSystemDemoApp.swift */,
				C4FE66272B8D21EE000B405C /* Views */,
				C4FE66282B8D220F000B405C /* ViewModels */,
				C4FE66292B8D2215000B405C /* Models */,
				C4FE662E2B8D22EC000B405C /* Services */,
				C4FE66582B8ED817000B405C /* Extensions */,
				C4FE663E2B8E9E5F000B405C /* SplineAssets */,
				C4FE66562B8ED111000B405C /* astronomical_objects.json */,
				C4FE661D2B8D212A000B405C /* Assets.xcassets */,
				C4FE661F2B8D212A000B405C /* Preview Content */,
			);
			path = SolarSystemDemo;
			sourceTree = "<group>";
		};
		C4FE661F2B8D212A000B405C /* Preview Content */ = {
			isa = PBXGroup;
			children = (
				C4FE66202B8D212A000B405C /* Preview Assets.xcassets */,
			);
			path = "Preview Content";
			sourceTree = "<group>";
		};
		C4FE66272B8D21EE000B405C /* Views */ = {
			isa = PBXGroup;
			children = (
				C4FE661B2B8D2128000B405C /* HomeView.swift */,
				C4FE66342B8D2667000B405C /* AstronomicalObjectView.swift */,
				C4FE663C2B8E7BA9000B405C /* AstronomicalObjectDetailView.swift */,
			);
			path = Views;
			sourceTree = "<group>";
		};
		C4FE66282B8D220F000B405C /* ViewModels */ = {
			isa = PBXGroup;
			children = (
				C4FE662C2B8D22BC000B405C /* HomeViewModel.swift */,
			);
			path = ViewModels;
			sourceTree = "<group>";
		};
		C4FE66292B8D2215000B405C /* Models */ = {
			isa = PBXGroup;
			children = (
				C4FE662A2B8D2276000B405C /* AstronomicalObject.swift */,
			);
			path = Models;
			sourceTree = "<group>";
		};
		C4FE662E2B8D22EC000B405C /* Services */ = {
			isa = PBXGroup;
			children = (
				C4FE662F2B8D2301000B405C /* AstronomicalObjectService.swift */,
			);
			path = Services;
			sourceTree = "<group>";
		};
		C4FE663E2B8E9E5F000B405C /* SplineAssets */ = {
			isa = PBXGroup;
			children = (
				C4FE665D2B8EDD06000B405C /* venus.splineswift */,
				C4FE66402B8E9E7C000B405C /* jupiter.splineswift */,
				C4FE66422B8E9F4C000B405C /* earth.splineswift */,
				C4FE66452B8E9F4C000B405C /* mars.splineswift */,
				C4FE66462B8E9F4C000B405C /* mercury.splineswift */,
				C4FE66472B8E9F4C000B405C /* moon.splineswift */,
				C4FE66482B8E9F4C000B405C /* neptune.splineswift */,
				C4FE66492B8E9F4C000B405C /* saturn.splineswift */,
				C4FE664A2B8E9F4C000B405C /* sun.splineswift */,
				C4FE66432B8E9F4C000B405C /* uranus.splineswift */,
			);
			path = SplineAssets;
			sourceTree = "<group>";
		};
		C4FE66582B8ED817000B405C /* Extensions */ = {
			isa = PBXGroup;
			children = (
				C4FE66592B8ED83D000B405C /* PreviewProvider.swift */,
			);
			path = Extensions;
			sourceTree = "<group>";
		};
/* End PBXGroup section */

/* Begin PBXNativeTarget section */
		C4FE66152B8D2128000B405C /* SolarSystemDemo */ = {
			isa = PBXNativeTarget;
			buildConfigurationList = C4FE66242B8D212A000B405C /* Build configuration list for PBXNativeTarget "SolarSystemDemo" */;
			buildPhases = (
				C4FE66122B8D2128000B405C /* Sources */,
				C4FE66132B8D2128000B405C /* Frameworks */,
				C4FE66142B8D2128000B405C /* Resources */,
			);
			buildRules = (
			);
			dependencies = (
			);
			name = SolarSystemDemo;
			packageProductDependencies = (
				C4FE66322B8D24F0000B405C /* SplineRuntime */,
			);
			productName = SolarSystemDemo;
			productReference = C4FE66162B8D2128000B405C /* SolarSystemDemo.app */;
			productType = "com.apple.product-type.application";
		};
/* End PBXNativeTarget section */

/* Begin PBXProject section */
		C4FE660E2B8D2128000B405C /* Project object */ = {
			isa = PBXProject;
			attributes = {
				BuildIndependentTargetsInParallel = 1;
				LastSwiftUpdateCheck = 1520;
				LastUpgradeCheck = 1520;
				TargetAttributes = {
					C4FE66152B8D2128000B405C = {
						CreatedOnToolsVersion = 15.2;
					};
				};
			};
			buildConfigurationList = C4FE66112B8D2128000B405C /* Build configuration list for PBXProject "SolarSystemDemo" */;
			compatibilityVersion = "Xcode 14.0";
			developmentRegion = en;
			hasScannedForEncodings = 0;
			knownRegions = (
				en,
				Base,
			);
			mainGroup = C4FE660D2B8D2128000B405C;
			packageReferences = (
				C4FE66312B8D24F0000B405C /* XCRemoteSwiftPackageReference "spline-ios" */,
			);
			productRefGroup = C4FE66172B8D2128000B405C /* Products */;
			projectDirPath = "";
			projectRoot = "";
			targets = (
				C4FE66152B8D2128000B405C /* SolarSystemDemo */,
			);
		};
/* End PBXProject section */

/* Begin PBXResourcesBuildPhase section */
		C4FE66142B8D2128000B405C /* Resources */ = {
			isa = PBXResourcesBuildPhase;
			buildActionMask = 2147483647;
			files = (
				C4FE664F2B8E9F4C000B405C /* mercury.splineswift in Resources */,
				C4FE66502B8E9F4C000B405C /* moon.splineswift in Resources */,
				C4FE665E2B8EDD06000B405C /* venus.splineswift in Resources */,
				C4FE66512B8E9F4C000B405C /* neptune.splineswift in Resources */,
				C4FE66212B8D212A000B405C /* Preview Assets.xcassets in Resources */,
				C4FE66412B8E9E7C000B405C /* jupiter.splineswift in Resources */,
				C4FE66572B8ED111000B405C /* astronomical_objects.json in Resources */,
				C4FE664E2B8E9F4C000B405C /* mars.splineswift in Resources */,
				C4FE661E2B8D212A000B405C /* Assets.xcassets in Resources */,
				C4FE664B2B8E9F4C000B405C /* earth.splineswift in Resources */,
				C4FE664C2B8E9F4C000B405C /* uranus.splineswift in Resources */,
				C4FE66522B8E9F4C000B405C /* saturn.splineswift in Resources */,
				C4FE66532B8E9F4C000B405C /* sun.splineswift in Resources */,
			);
			runOnlyForDeploymentPostprocessing = 0;
		};
/* End PBXResourcesBuildPhase section */

/* Begin PBXSourcesBuildPhase section */
		C4FE66122B8D2128000B405C /* Sources */ = {
			isa = PBXSourcesBuildPhase;
			buildActionMask = 2147483647;
			files = (
				C4FE662B2B8D2276000B405C /* AstronomicalObject.swift in Sources */,
				C4FE661C2B8D2128000B405C /* HomeView.swift in Sources */,
				C4FE661A2B8D2128000B405C /* SolarSystemDemoApp.swift in Sources */,
				C4FE66302B8D2301000B405C /* AstronomicalObjectService.swift in Sources */,
				C4FE663D2B8E7BA9000B405C /* AstronomicalObjectDetailView.swift in Sources */,
				C4FE665A2B8ED83D000B405C /* PreviewProvider.swift in Sources */,
				C4FE662D2B8D22BC000B405C /* HomeViewModel.swift in Sources */,
				C4FE66352B8D2667000B405C /* AstronomicalObjectView.swift in Sources */,
			);
			runOnlyForDeploymentPostprocessing = 0;
		};
/* End PBXSourcesBuildPhase section */

/* Begin XCBuildConfiguration section */
		C4FE66222B8D212A000B405C /* Debug */ = {
			isa = XCBuildConfiguration;
			buildSettings = {
				ALWAYS_SEARCH_USER_PATHS = NO;
				ASSETCATALOG_COMPILER_GENERATE_SWIFT_ASSET_SYMBOL_EXTENSIONS = YES;
				CLANG_ANALYZER_NONNULL = YES;
				CLANG_ANALYZER_NUMBER_OBJECT_CONVERSION = YES_AGGRESSIVE;
				CLANG_CXX_LANGUAGE_STANDARD = "gnu++20";
				CLANG_ENABLE_MODULES = YES;
				CLANG_ENABLE_OBJC_ARC = YES;
				CLANG_ENABLE_OBJC_WEAK = YES;
				CLANG_WARN_BLOCK_CAPTURE_AUTORELEASING = YES;
				CLANG_WARN_BOOL_CONVERSION = YES;
				CLANG_WARN_COMMA = YES;
				CLANG_WARN_CONSTANT_CONVERSION = YES;
				CLANG_WARN_DEPRECATED_OBJC_IMPLEMENTATIONS = YES;
				CLANG_WARN_DIRECT_OBJC_ISA_USAGE = YES_ERROR;
				CLANG_WARN_DOCUMENTATION_COMMENTS = YES;
				CLANG_WARN_EMPTY_BODY = YES;
				CLANG_WARN_ENUM_CONVERSION = YES;
				CLANG_WARN_INFINITE_RECURSION = YES;
				CLANG_WARN_INT_CONVERSION = YES;
				CLANG_WARN_NON_LITERAL_NULL_CONVERSION = YES;
				CLANG_WARN_OBJC_IMPLICIT_RETAIN_SELF = YES;
				CLANG_WARN_OBJC_LITERAL_CONVERSION = YES;
				CLANG_WARN_OBJC_ROOT_CLASS = YES_ERROR;
				CLANG_WARN_QUOTED_INCLUDE_IN_FRAMEWORK_HEADER = YES;
				CLANG_WARN_RANGE_LOOP_ANALYSIS = YES;
				CLANG_WARN_STRICT_PROTOTYPES = YES;
				CLANG_WARN_SUSPICIOUS_MOVE = YES;
				CLANG_WARN_UNGUARDED_AVAILABILITY = YES_AGGRESSIVE;
				CLANG_WARN_UNREACHABLE_CODE = YES;
				CLANG_WARN__DUPLICATE_METHOD_MATCH = YES;
				COPY_PHASE_STRIP = NO;
				DEBUG_INFORMATION_FORMAT = dwarf;
				ENABLE_STRICT_OBJC_MSGSEND = YES;
				ENABLE_TESTABILITY = YES;
				ENABLE_USER_SCRIPT_SANDBOXING = YES;
				GCC_C_LANGUAGE_STANDARD = gnu17;
				GCC_DYNAMIC_NO_PIC = NO;
				GCC_NO_COMMON_BLOCKS = YES;
				GCC_OPTIMIZATION_LEVEL = 0;
				GCC_PREPROCESSOR_DEFINITIONS = (
					"DEBUG=1",
					"$(inherited)",
				);
				GCC_WARN_64_TO_32_BIT_CONVERSION = YES;
				GCC_WARN_ABOUT_RETURN_TYPE = YES_ERROR;
				GCC_WARN_UNDECLARED_SELECTOR = YES;
				GCC_WARN_UNINITIALIZED_AUTOS = YES_AGGRESSIVE;
				GCC_WARN_UNUSED_FUNCTION = YES;
				GCC_WARN_UNUSED_VARIABLE = YES;
				IPHONEOS_DEPLOYMENT_TARGET = 17.2;
				LOCALIZATION_PREFERS_STRING_CATALOGS = YES;
				MTL_ENABLE_DEBUG_INFO = INCLUDE_SOURCE;
				MTL_FAST_MATH = YES;
				ONLY_ACTIVE_ARCH = YES;
				SDKROOT = iphoneos;
				SWIFT_ACTIVE_COMPILATION_CONDITIONS = "DEBUG $(inherited)";
				SWIFT_OPTIMIZATION_LEVEL = "-Onone";
			};
			name = Debug;
		};
		C4FE66232B8D212A000B405C /* Release */ = {
			isa = XCBuildConfiguration;
			buildSettings = {
				ALWAYS_SEARCH_USER_PATHS = NO;
				ASSETCATALOG_COMPILER_GENERATE_SWIFT_ASSET_SYMBOL_EXTENSIONS = YES;
				CLANG_ANALYZER_NONNULL = YES;
				CLANG_ANALYZER_NUMBER_OBJECT_CONVERSION = YES_AGGRESSIVE;
				CLANG_CXX_LANGUAGE_STANDARD = "gnu++20";
				CLANG_ENABLE_MODULES = YES;
				CLANG_ENABLE_OBJC_ARC = YES;
				CLANG_ENABLE_OBJC_WEAK = YES;
				CLANG_WARN_BLOCK_CAPTURE_AUTORELEASING = YES;
				CLANG_WARN_BOOL_CONVERSION = YES;
				CLANG_WARN_COMMA = YES;
				CLANG_WARN_CONSTANT_CONVERSION = YES;
				CLANG_WARN_DEPRECATED_OBJC_IMPLEMENTATIONS = YES;
				CLANG_WARN_DIRECT_OBJC_ISA_USAGE = YES_ERROR;
				CLANG_WARN_DOCUMENTATION_COMMENTS = YES;
				CLANG_WARN_EMPTY_BODY = YES;
				CLANG_WARN_ENUM_CONVERSION = YES;
				CLANG_WARN_INFINITE_RECURSION = YES;
				CLANG_WARN_INT_CONVERSION = YES;
				CLANG_WARN_NON_LITERAL_NULL_CONVERSION = YES;
				CLANG_WARN_OBJC_IMPLICIT_RETAIN_SELF = YES;
				CLANG_WARN_OBJC_LITERAL_CONVERSION = YES;
				CLANG_WARN_OBJC_ROOT_CLASS = YES_ERROR;
				CLANG_WARN_QUOTED_INCLUDE_IN_FRAMEWORK_HEADER = YES;
				CLANG_WARN_RANGE_LOOP_ANALYSIS = YES;
				CLANG_WARN_STRICT_PROTOTYPES = YES;
				CLANG_WARN_SUSPICIOUS_MOVE = YES;
				CLANG_WARN_UNGUARDED_AVAILABILITY = YES_AGGRESSIVE;
				CLANG_WARN_UNREACHABLE_CODE = YES;
				CLANG_WARN__DUPLICATE_METHOD_MATCH = YES;
				COPY_PHASE_STRIP = NO;
				DEBUG_INFORMATION_FORMAT = "dwarf-with-dsym";
				ENABLE_NS_ASSERTIONS = NO;
				ENABLE_STRICT_OBJC_MSGSEND = YES;
				ENABLE_USER_SCRIPT_SANDBOXING = YES;
				GCC_C_LANGUAGE_STANDARD = gnu17;
				GCC_NO_COMMON_BLOCKS = YES;
				GCC_WARN_64_TO_32_BIT_CONVERSION = YES;
				GCC_WARN_ABOUT_RETURN_TYPE = YES_ERROR;
				GCC_WARN_UNDECLARED_SELECTOR = YES;
				GCC_WARN_UNINITIALIZED_AUTOS = YES_AGGRESSIVE;
				GCC_WARN_UNUSED_FUNCTION = YES;
				GCC_WARN_UNUSED_VARIABLE = YES;
				IPHONEOS_DEPLOYMENT_TARGET = 17.2;
				LOCALIZATION_PREFERS_STRING_CATALOGS = YES;
				MTL_ENABLE_DEBUG_INFO = NO;
				MTL_FAST_MATH = YES;
				SDKROOT = iphoneos;
				SWIFT_COMPILATION_MODE = wholemodule;
				VALIDATE_PRODUCT = YES;
			};
			name = Release;
		};
		C4FE66252B8D212A000B405C /* Debug */ = {
			isa = XCBuildConfiguration;
			buildSettings = {
				ASSETCATALOG_COMPILER_APPICON_NAME = AppIcon;
				ASSETCATALOG_COMPILER_GLOBAL_ACCENT_COLOR_NAME = AccentColor;
				CODE_SIGN_STYLE = Automatic;
				CURRENT_PROJECT_VERSION = 1;
				DEVELOPMENT_ASSET_PATHS = "\"SolarSystemDemo/Preview Content\"";
				DEVELOPMENT_TEAM = QFV2NQCR94;
				ENABLE_PREVIEWS = YES;
				GENERATE_INFOPLIST_FILE = YES;
				INFOPLIST_KEY_UIApplicationSceneManifest_Generation = YES;
				INFOPLIST_KEY_UIApplicationSupportsIndirectInputEvents = YES;
				INFOPLIST_KEY_UILaunchScreen_Generation = YES;
				INFOPLIST_KEY_UISupportedInterfaceOrientations_iPad = "UIInterfaceOrientationPortrait UIInterfaceOrientationPortraitUpsideDown UIInterfaceOrientationLandscapeLeft UIInterfaceOrientationLandscapeRight";
				INFOPLIST_KEY_UISupportedInterfaceOrientations_iPhone = "UIInterfaceOrientationPortrait UIInterfaceOrientationLandscapeLeft UIInterfaceOrientationLandscapeRight";
				LD_RUNPATH_SEARCH_PATHS = (
					"$(inherited)",
					"@executable_path/Frameworks",
				);
				MARKETING_VERSION = 1.0;
				PRODUCT_BUNDLE_IDENTIFIER = io.github.crozario.SolarSystemDemo;
				PRODUCT_NAME = "$(TARGET_NAME)";
				SWIFT_EMIT_LOC_STRINGS = YES;
				SWIFT_VERSION = 5.0;
				TARGETED_DEVICE_FAMILY = "1,2";
			};
			name = Debug;
		};
		C4FE66262B8D212A000B405C /* Release */ = {
			isa = XCBuildConfiguration;
			buildSettings = {
				ASSETCATALOG_COMPILER_APPICON_NAME = AppIcon;
				ASSETCATALOG_COMPILER_GLOBAL_ACCENT_COLOR_NAME = AccentColor;
				CODE_SIGN_STYLE = Automatic;
				CURRENT_PROJECT_VERSION = 1;
				DEVELOPMENT_ASSET_PATHS = "\"SolarSystemDemo/Preview Content\"";
				DEVELOPMENT_TEAM = QFV2NQCR94;
				ENABLE_PREVIEWS = YES;
				GENERATE_INFOPLIST_FILE = YES;
				INFOPLIST_KEY_UIApplicationSceneManifest_Generation = YES;
				INFOPLIST_KEY_UIApplicationSupportsIndirectInputEvents = YES;
				INFOPLIST_KEY_UILaunchScreen_Generation = YES;
				INFOPLIST_KEY_UISupportedInterfaceOrientations_iPad = "UIInterfaceOrientationPortrait UIInterfaceOrientationPortraitUpsideDown UIInterfaceOrientationLandscapeLeft UIInterfaceOrientationLandscapeRight";
				INFOPLIST_KEY_UISupportedInterfaceOrientations_iPhone = "UIInterfaceOrientationPortrait UIInterfaceOrientationLandscapeLeft UIInterfaceOrientationLandscapeRight";
				LD_RUNPATH_SEARCH_PATHS = (
					"$(inherited)",
					"@executable_path/Frameworks",
				);
				MARKETING_VERSION = 1.0;
				PRODUCT_BUNDLE_IDENTIFIER = io.github.crozario.SolarSystemDemo;
				PRODUCT_NAME = "$(TARGET_NAME)";
				SWIFT_EMIT_LOC_STRINGS = YES;
				SWIFT_VERSION = 5.0;
				TARGETED_DEVICE_FAMILY = "1,2";
			};
			name = Release;
		};
/* End XCBuildConfiguration section */

/* Begin XCConfigurationList section */
		C4FE66112B8D2128000B405C /* Build configuration list for PBXProject "SolarSystemDemo" */ = {
			isa = XCConfigurationList;
			buildConfigurations = (
				C4FE66222B8D212A000B405C /* Debug */,
				C4FE66232B8D212A000B405C /* Release */,
			);
			defaultConfigurationIsVisible = 0;
			defaultConfigurationName = Release;
		};
		C4FE66242B8D212A000B405C /* Build configuration list for PBXNativeTarget "SolarSystemDemo" */ = {
			isa = XCConfigurationList;
			buildConfigurations = (
				C4FE66252B8D212A000B405C /* Debug */,
				C4FE66262B8D212A000B405C /* Release */,
			);
			defaultConfigurationIsVisible = 0;
			defaultConfigurationName = Release;
		};
/* End XCConfigurationList section */

/* Begin XCRemoteSwiftPackageReference section */
		C4FE66312B8D24F0000B405C /* XCRemoteSwiftPackageReference "spline-ios" */ = {
			isa = XCRemoteSwiftPackageReference;
			repositoryURL = "https://github.com/splinetool/spline-ios?tab=readme-ov-file";
			requirement = {
				branch = main;
				kind = branch;
			};
		};
/* End XCRemoteSwiftPackageReference section */

/* Begin XCSwiftPackageProductDependency section */
		C4FE66322B8D24F0000B405C /* SplineRuntime */ = {
			isa = XCSwiftPackageProductDependency;
			package = C4FE66312B8D24F0000B405C /* XCRemoteSwiftPackageReference "spline-ios" */;
			productName = SplineRuntime;
		};
/* End XCSwiftPackageProductDependency section */
	};
	rootObject = C4FE660E2B8D2128000B405C /* Project object */;
}
